
Microsoft Visual Studio Solution File, Format Version 12.00
# Visual Studio Version 17
VisualStudioVersion = 17.9.34616.47
MinimumVisualStudioVersion = 10.0.40219.1
Project("{9A19103F-16F7-4668-BE54-9A1E7A4F7556}") = "DotNetMySqlEFRestAPI", "DotNetMySqlEFRestAPI\DotNetMySqlEFRestAPI.csproj", "{3FE551A0-14AA-413A-8A64-AD785D67CFF3}"
EndProject
Project("{FAE04EC0-301F-11D3-BF4B-00C04F79EFBC}") = "DotNetMySqlEFRestAPI.Data", "DotNetMySqlEFRestAPI.Data\DotNetMySqlEFRestAPI.Data.csproj", "{DAF09F05-6950-4AEC-B15E-815B61AC95EC}"
EndProject
Global
	GlobalSection(SolutionConfigurationPlatforms) = preSolution
		Debug|Any CPU = Debug|Any CPU
		Release|Any CPU = Release|Any CPU
	EndGlobalSection
	GlobalSection(ProjectConfigurationPlatforms) = postSolution
		{3FE551A0-14AA-413A-8A64-AD785D67CFF3}.Debug|Any CPU.ActiveCfg = Debug|Any CPU
		{3FE551A0-14AA-413A-8A64-AD785D67CFF3}.Debug|Any CPU.Build.0 = Debug|Any CPU
		{3FE551A0-14AA-413A-8A64-AD785D67CFF3}.Release|Any CPU.ActiveCfg = Release|Any CPU
		{3FE551A0-14AA-413A-8A64-AD785D67CFF3}.Release|Any CPU.Build.0 = Release|Any CPU
		{DAF09F05-6950-4AEC-B15E-815B61AC95EC}.Debug|Any CPU.ActiveCfg = Debug|Any CPU
		{DAF09F05-6950-4AEC-B15E-815B61AC95EC}.Debug|Any CPU.Build.0 = Debug|Any CPU
		{DAF09F05-6950-4AEC-B15E-815B61AC95EC}.Release|Any CPU.ActiveCfg = Release|Any CPU
		{DAF09F05-6950-4AEC-B15E-815B61AC95EC}.Release|Any CPU.Build.0 = Release|Any CPU
	EndGlobalSection
	GlobalSection(SolutionProperties) = preSolution
		HideSolutionNode = FALSE
	EndGlobalSection
	GlobalSection(ExtensibilityGlobals) = postSolution
		SolutionGuid = {90F1ACF9-A0FB-40B2-9B6E-69735C5D1E03}
	EndGlobalSection
EndGlobal
